// !$*UTF8*$!
{
	archiveVersion = 1;
	classes = {
	};
	objectVersion = 77;
	objects = {

/* Begin PBXBuildFile section */
		74C930AE2F99DA4A00045845 /* MockWeather.swift in Sources */ = {isa = PBXBuildFile; fileRef = 74C930A42F99DA4A00045845 /* MockWeather.swift */; };
		74C930AF2F99DA4A00045845 /* LocationProvider.swift in Sources */ = {isa = PBXBuildFile; fileRef = 74C930A32F99DA4A00045845 /* LocationProvider.swift */; };
		74C930B02F99DA4A00045845 /* OpenMeteoService.swift in Sources */ = {isa = PBXBuildFile; fileRef = 74C930A52F99DA4A00045845 /* OpenMeteoService.swift */; };
		74C930B12F99DA4A00045845 /* WeatherAppRemixApp.swift in Sources */ = {isa = PBXBuildFile; fileRef = 74C930A92F99DA4A00045845 /* WeatherAppRemixApp.swift */; };
		74C930B22F99DA4A00045845 /* WeatherView.swift in Sources */ = {isa = PBXBuildFile; fileRef = 74C930A72F99DA4A00045845 /* WeatherView.swift */; };
		74C930B32F99DA4A00045845 /* WeatherModels.swift in Sources */ = {isa = PBXBuildFile; fileRef = 74C930A62F99DA4A00045845 /* WeatherModels.swift */; };
		FA0157692F9B68C700E6EF80 /* sun.json in Resources */ = {isa = PBXBuildFile; fileRef = FA0157672F9B68C700E6EF80 /* sun.json */; };
		FA01576A2F9B68C700E6EF80 /* lightning.json in Resources */ = {isa = PBXBuildFile; fileRef = FA0157642F9B68C700E6EF80 /* lightning.json */; };
		FA01576B2F9B68C700E6EF80 /* cloudy.json in Resources */ = {isa = PBXBuildFile; fileRef = FA0157632F9B68C700E6EF80 /* cloudy.json */; };
		FA01576C2F9B68C700E6EF80 /* WeatherBackground.swift in Sources */ = {isa = PBXBuildFile; fileRef = FA0157682F9B68C700E6EF80 /* WeatherBackground.swift */; };
		FA01576D2F9B68C700E6EF80 /* LottieView.swift in Sources */ = {isa = PBXBuildFile; fileRef = FA0157652F9B68C700E6EF80 /* LottieView.swift */; };
		FA01576E2F9B68C700E6EF80 /* SettingsView.swift in Sources */ = {isa = PBXBuildFile; fileRef = FA0157662F9B68C700E6EF80 /* SettingsView.swift */; };
		FA0157762F9B69CE00E6EF80 /* Lottie in Frameworks */ = {isa = PBXBuildFile; productRef = FA0157752F9B69CE00E6EF80 /* Lottie */; };
/* End PBXBuildFile section */

/* Begin PBXFileReference section */
		74C63D2F2F99CE8700EB52F1 /* CH2-WeatherApp.app */ = {isa = PBXFileReference; explicitFileType = wrapper.application; includeInIndex = 0; path = "CH2-WeatherApp.app"; sourceTree = BUILT_PRODUCTS_DIR; };
		74C930A32F99DA4A00045845 /* LocationProvider.swift */ = {isa = PBXFileReference; lastKnownFileType = sourcecode.swift; path = LocationProvider.swift; sourceTree = "<group>"; };
		74C930A42F99DA4A00045845 /* MockWeather.swift */ = {isa = PBXFileReference; lastKnownFileType = sourcecode.swift; path = MockWeather.swift; sourceTree = "<group>"; };
		74C930A52F99DA4A00045845 /* OpenMeteoService.swift */ = {isa = PBXFileReference; lastKnownFileType = sourcecode.swift; path = OpenMeteoService.swift; sourceTree = "<group>"; };
		74C930A62F99DA4A00045845 /* WeatherModels.swift */ = {isa = PBXFileReference; lastKnownFileType = sourcecode.swift; path = WeatherModels.swift; sourceTree = "<group>"; };
		74C930A72F99DA4A00045845 /* WeatherView.swift */ = {isa = PBXFileReference; lastKnownFileType = sourcecode.swift; path = WeatherView.swift; sourceTree = "<group>"; };
		74C930A92F99DA4A00045845 /* WeatherAppRemixApp.swift */ = {isa = PBXFileReference; lastKnownFileType = sourcecode.swift; path = WeatherAppRemixApp.swift; sourceTree = "<group>"; };
		FA0157632F9B68C700E6EF80 /* cloudy.json */ = {isa = PBXFileReference; lastKnownFileType = text.json; path = cloudy.json; sourceTree = "<group>"; };
		FA0157642F9B68C700E6EF80 /* lightning.json */ = {isa = PBXFileReference; lastKnownFileType = text.json; path = lightning.json; sourceTree = "<group>"; };
		FA0157652F9B68C700E6EF80 /* LottieView.swift */ = {isa = PBXFileReference; lastKnownFileType = sourcecode.swift; path = LottieView.swift; sourceTree = "<group>"; };
		FA0157662F9B68C700E6EF80 /* SettingsView.swift */ = {isa = PBXFileReference; lastKnownFileType = sourcecode.swift; path = SettingsView.swift; sourceTree = "<group>"; };
		FA0157672F9B68C700E6EF80 /* sun.json */ = {isa = PBXFileReference; lastKnownFileType = text.json; path = sun.json; sourceTree = "<group>"; };
		FA0157682F9B68C700E6EF80 /* WeatherBackground.swift */ = {isa = PBXFileReference; lastKnownFileType = sourcecode.swift; path = WeatherBackground.swift; sourceTree = "<group>"; };
/* End PBXFileReference section */

/* Begin PBXFrameworksBuildPhase section */
		74C63D2C2F99CE8600EB52F1 /* Frameworks */ = {
			isa = PBXFrameworksBuildPhase;
			buildActionMask = 2147483647;
			files = (
				FA0157762F9B69CE00E6EF80 /* Lottie in Frameworks */,
			);
			runOnlyForDeploymentPostprocessing = 0;
		};
/* End PBXFrameworksBuildPhase section */

/* Begin PBXGroup section */
		74C63D262F99CE8600EB52F1 = {
			isa = PBXGroup;
			children = (
				74C930AA2F99DA4A00045845 /* CH2-WeatherApp */,
				74C63D302F99CE8700EB52F1 /* Products */,
			);
			sourceTree = "<group>";
		};
		74C63D302F99CE8700EB52F1 /* Products */ = {
			isa = PBXGroup;
			children = (
				74C63D2F2F99CE8700EB52F1 /* CH2-WeatherApp.app */,
			);
			name = Products;
			sourceTree = "<group>";
		};
		74C930A82F99DA4A00045845 /* Weather */ = {
			isa = PBXGroup;
			children = (
				FA0157632F9B68C700E6EF80 /* cloudy.json */,
				FA0157642F9B68C700E6EF80 /* lightning.json */,
				FA0157672F9B68C700E6EF80 /* sun.json */,
				FA0157652F9B68C700E6EF80 /* LottieView.swift */,
				FA0157662F9B68C700E6EF80 /* SettingsView.swift */,
				FA0157682F9B68C700E6EF80 /* WeatherBackground.swift */,
				74C930A32F99DA4A00045845 /* LocationProvider.swift */,
				74C930A42F99DA4A00045845 /* MockWeather.swift */,
				74C930A52F99DA4A00045845 /* OpenMeteoService.swift */,
				74C930A62F99DA4A00045845 /* WeatherModels.swift */,
				74C930A72F99DA4A00045845 /* WeatherView.swift */,
			);
			path = Weather;
			sourceTree = "<group>";
		};
		74C930AA2F99DA4A00045845 /* CH2-WeatherApp */ = {
			isa = PBXGroup;
			children = (
				74C930A82F99DA4A00045845 /* Weather */,
				74C930A92F99DA4A00045845 /* WeatherAppRemixApp.swift */,
			);
			path = "CH2-WeatherApp";
			sourceTree = "<group>";
		};
/* End PBXGroup section */

/* Begin PBXNativeTarget section */
		74C63D2E2F99CE8600EB52F1 /* CH2-WeatherApp */ = {
			isa = PBXNativeTarget;
			buildConfigurationList = 74C63D3D2F99CE8700EB52F1 /* Build configuration list for PBXNativeTarget "CH2-WeatherApp" */;
			buildPhases = (
				74C63D2B2F99CE8600EB52F1 /* Sources */,
				74C63D2C2F99CE8600EB52F1 /* Frameworks */,
				74C63D2D2F99CE8600EB52F1 /* Resources */,
			);
			buildRules = (
			);
			dependencies = (
			);
			name = "CH2-WeatherApp";
			packageProductDependencies = (
				FA0157752F9B69CE00E6EF80 /* Lottie */,
			);
			productName = "CH2-WeatherApp";
			productReference = 74C63D2F2F99CE8700EB52F1 /* CH2-WeatherApp.app */;
			productType = "com.apple.product-type.application";
		};
/* End PBXNativeTarget section */

/* Begin PBXProject section */
		74C63D272F99CE8600EB52F1 /* Project object */ = {
			isa = PBXProject;
			attributes = {
				BuildIndependentTargetsInParallel = 1;
				LastSwiftUpdateCheck = 2640;
				LastUpgradeCheck = 2640;
				TargetAttributes = {
					74C63D2E2F99CE8600EB52F1 = {
						CreatedOnToolsVersion = 26.4;
						LastSwiftMigration = 2640;
					};
				};
			};
			buildConfigurationList = 74C63D2A2F99CE8600EB52F1 /* Build configuration list for PBXProject "CH2-WeatherApp" */;
			developmentRegion = en;
			hasScannedForEncodings = 0;
			knownRegions = (
				en,
				Base,
			);
			mainGroup = 74C63D262F99CE8600EB52F1;
			minimizedProjectReferenceProxies = 1;
			packageReferences = (
				FA0157742F9B69CE00E6EF80 /* XCRemoteSwiftPackageReference "lottie-ios" */,
			);
			preferredProjectObjectVersion = 77;
			productRefGroup = 74C63D302F99CE8700EB52F1 /* Products */;
			projectDirPath = "";
			projectRoot = "";
			targets = (
				74C63D2E2F99CE8600EB52F1 /* CH2-WeatherApp */,
			);
		};
/* End PBXProject section */

/* Begin PBXResourcesBuildPhase section */
		74C63D2D2F99CE8600EB52F1 /* Resources */ = {
			isa = PBXResourcesBuildPhase;
			buildActionMask = 2147483647;
			files = (
				FA0157692F9B68C700E6EF80 /* sun.json in Resources */,
				FA01576A2F9B68C700E6EF80 /* lightning.json in Resources */,
				FA01576B2F9B68C700E6EF80 /* cloudy.json in Resources */,
			);
			runOnlyForDeploymentPostprocessing = 0;
		};
/* End PBXResourcesBuildPhase section */

/* Begin PBXSourcesBuildPhase section */
		74C63D2B2F99CE8600EB52F1 /* Sources */ = {
			isa = PBXSourcesBuildPhase;
			buildActionMask = 2147483647;
			files = (
				74C930AE2F99DA4A00045845 /* MockWeather.swift in Sources */,
				74C930AF2F99DA4A00045845 /* LocationProvider.swift in Sources */,
				74C930B02F99DA4A00045845 /* OpenMeteoService.swift in Sources */,
				74C930B12F99DA4A00045845 /* WeatherAppRemixApp.swift in Sources */,
				74C930B22F99DA4A00045845 /* WeatherView.swift in Sources */,
				74C930B32F99DA4A00045845 /* WeatherModels.swift in Sources */,
				FA01576C2F9B68C700E6EF80 /* WeatherBackground.swift in Sources */,
				FA01576D2F9B68C700E6EF80 /* LottieView.swift in Sources */,
				FA01576E2F9B68C700E6EF80 /* SettingsView.swift in Sources */,
			);
			runOnlyForDeploymentPostprocessing = 0;
		};
/* End PBXSourcesBuildPhase section */

/* Begin XCBuildConfiguration section */
		74C63D3E2F99CE8700EB52F1 /* Debug */ = {
			isa = XCBuildConfiguration;
			buildSettings = {
				ASSETCATALOG_COMPILER_APPICON_NAME = AppIcon;
				ASSETCATALOG_COMPILER_GLOBAL_ACCENT_COLOR_NAME = AccentColor;
				CLANG_ENABLE_MODULES = YES;
				CODE_SIGN_ENTITLEMENTS = "";
				CODE_SIGN_STYLE = Automatic;
				CURRENT_PROJECT_VERSION = 1;
				DEVELOPMENT_TEAM = LB8V89KA2N;
				ENABLE_PREVIEWS = YES;
				GENERATE_INFOPLIST_FILE = YES;
				INFOPLIST_FILE = "CH2-WeatherApp/Info.plist";
				INFOPLIST_KEY_UIApplicationSceneManifest_Generation = YES;
				INFOPLIST_KEY_UIApplicationSupportsIndirectInputEvents = YES;
				INFOPLIST_KEY_UILaunchScreen_Generation = YES;
				INFOPLIST_KEY_UISupportedInterfaceOrientations_iPad = "UIInterfaceOrientationPortrait UIInterfaceOrientationPortraitUpsideDown UIInterfaceOrientationLandscapeLeft UIInterfaceOrientationLandscapeRight";
				INFOPLIST_KEY_UISupportedInterfaceOrientations_iPhone = "UIInterfaceOrientationPortrait UIInterfaceOrientationLandscapeLeft UIInterfaceOrientationLandscapeRight";
				IPHONEOS_DEPLOYMENT_TARGET = 26.0;
				LD_RUNPATH_SEARCH_PATHS = (
					"$(inherited)",
					"@executable_path/Frameworks",
				);
				MARKETING_VERSION = 1.0;
				PRODUCT_BUNDLE_IDENTIFIER = Diyora.WeatherAppRemix;
				PRODUCT_NAME = "$(TARGET_NAME)";
				STRING_CATALOG_GENERATE_SYMBOLS = YES;
				SWIFT_APPROACHABLE_CONCURRENCY = YES;
				SWIFT_DEFAULT_ACTOR_ISOLATION = MainActor;
				SWIFT_EMIT_LOC_STRINGS = YES;
				SWIFT_OPTIMIZATION_LEVEL = "-Onone";
				SWIFT_UPCOMING_FEATURE_MEMBER_IMPORT_VISIBILITY = YES;
				SWIFT_VERSION = 5.0;
				TARGETED_DEVICE_FAMILY = "1,2";
			};
			name = Debug;
		};
		74C63D3F2F99CE8700EB52F1 /* Release */ = {
			isa = XCBuildConfiguration;
			buildSettings = {
				ASSETCATALOG_COMPILER_APPICON_NAME = AppIcon;
				ASSETCATALOG_COMPILER_GLOBAL_ACCENT_COLOR_NAME = AccentColor;
				CLANG_ENABLE_MODULES = YES;
				CODE_SIGN_ENTITLEMENTS = "";
				CODE_SIGN_STYLE = Automatic;
				CURRENT_PROJECT_VERSION = 1;
				DEVELOPMENT_TEAM = LB8V89KA2N;
				ENABLE_PREVIEWS = YES;
				GENERATE_INFOPLIST_FILE = YES;
				INFOPLIST_FILE = "CH2-WeatherApp/Info.plist";
				INFOPLIST_KEY_UIApplicationSceneManifest_Generation = YES;
				INFOPLIST_KEY_UIApplicationSupportsIndirectInputEvents = YES;
				INFOPLIST_KEY_UILaunchScreen_Generation = YES;
				INFOPLIST_KEY_UISupportedInterfaceOrientations_iPad = "UIInterfaceOrientationPortrait UIInterfaceOrientationPortraitUpsideDown UIInterfaceOrientationLandscapeLeft UIInterfaceOrientationLandscapeRight";
				INFOPLIST_KEY_UISupportedInterfaceOrientations_iPhone = "UIInterfaceOrientationPortrait UIInterfaceOrientationLandscapeLeft UIInterfaceOrientationLandscapeRight";
				IPHONEOS_DEPLOYMENT_TARGET = 26.0;
				LD_RUNPATH_SEARCH_PATHS = (
					"$(inherited)",
					"@executable_path/Frameworks",
				);
				MARKETING_VERSION = 1.0;
				PRODUCT_BUNDLE_IDENTIFIER = Diyora.WeatherAppRemix;
				PRODUCT_NAME = "$(TARGET_NAME)";
				STRING_CATALOG_GENERATE_SYMBOLS = YES;
				SWIFT_APPROACHABLE_CONCURRENCY = YES;
				SWIFT_DEFAULT_ACTOR_ISOLATION = MainActor;
				SWIFT_EMIT_LOC_STRINGS = YES;
				SWIFT_UPCOMING_FEATURE_MEMBER_IMPORT_VISIBILITY = YES;
				SWIFT_VERSION = 5.0;
				TARGETED_DEVICE_FAMILY = "1,2";
			};
			name = Release;
		};
		74C63D402F99CE8700EB52F1 /* Debug */ = {
			isa = XCBuildConfiguration;
			buildSettings = {
				ALWAYS_SEARCH_USER_PATHS = NO;
				ASSETCATALOG_COMPILER_GENERATE_SWIFT_ASSET_SYMBOL_EXTENSIONS = YES;
				CLANG_ANALYZER_NONNULL = YES;
				CLANG_ANALYZER_NUMBER_OBJECT_CONVERSION = YES_AGGRESSIVE;
				CLANG_CXX_LANGUAGE_STANDARD = "gnu++20";
				CLANG_ENABLE_MODULES = YES;
				CLANG_ENABLE_OBJC_ARC = YES;
				CLANG_ENABLE_OBJC_WEAK = YES;
				CLANG_WARN_BLOCK_CAPTURE_AUTORELEASING = YES;
				CLANG_WARN_BOOL_CONVERSION = YES;
				CLANG_WARN_COMMA = YES;
				CLANG_WARN_CONSTANT_CONVERSION = YES;
				CLANG_WARN_DEPRECATED_OBJC_IMPLEMENTATIONS = YES;
				CLANG_WARN_DIRECT_OBJC_ISA_USAGE = YES_ERROR;
				CLANG_WARN_DOCUMENTATION_COMMENTS = YES;
				CLANG_WARN_EMPTY_BODY = YES;
				CLANG_WARN_ENUM_CONVERSION = YES;
				CLANG_WARN_INFINITE_RECURSION = YES;
				CLANG_WARN_INT_CONVERSION = YES;
				CLANG_WARN_NON_LITERAL_NULL_CONVERSION = YES;
				CLANG_WARN_OBJC_IMPLICIT_RETAIN_SELF = YES;
				CLANG_WARN_OBJC_LITERAL_CONVERSION = YES;
				CLANG_WARN_OBJC_ROOT_CLASS = YES_ERROR;
				CLANG_WARN_QUOTED_INCLUDE_IN_FRAMEWORK_HEADER = YES;
				CLANG_WARN_RANGE_LOOP_ANALYSIS = YES;
				CLANG_WARN_STRICT_PROTOTYPES = YES;
				CLANG_WARN_SUSPICIOUS_MOVE = YES;
				CLANG_WARN_UNGUARDED_AVAILABILITY = YES_AGGRESSIVE;
				CLANG_WARN_UNREACHABLE_CODE = YES;
				CLANG_WARN__DUPLICATE_METHOD_MATCH = YES;
				COPY_PHASE_STRIP = NO;
				DEBUG_INFORMATION_FORMAT = dwarf;
				DEVELOPMENT_TEAM = LB8V89KA2N;
				ENABLE_STRICT_OBJC_MSGSEND = YES;
				ENABLE_TESTABILITY = YES;
				ENABLE_USER_SCRIPT_SANDBOXING = YES;
				GCC_C_LANGUAGE_STANDARD = gnu17;
				GCC_DYNAMIC_NO_PIC = NO;
				GCC_NO_COMMON_BLOCKS = YES;
				GCC_OPTIMIZATION_LEVEL = 0;
				GCC_PREPROCESSOR_DEFINITIONS = (
					"DEBUG=1",
					"$(inherited)",
				);
				GCC_WARN_64_TO_32_BIT_CONVERSION = YES;
				GCC_WARN_ABOUT_RETURN_TYPE = YES_ERROR;
				GCC_WARN_UNDECLARED_SELECTOR = YES;
				GCC_WARN_UNINITIALIZED_AUTOS = YES_AGGRESSIVE;
				GCC_WARN_UNUSED_FUNCTION = YES;
				GCC_WARN_UNUSED_VARIABLE = YES;
				IPHONEOS_DEPLOYMENT_TARGET = 26.4;
				LOCALIZATION_PREFERS_STRING_CATALOGS = YES;
				MTL_ENABLE_DEBUG_INFO = INCLUDE_SOURCE;
				MTL_FAST_MATH = YES;
				ONLY_ACTIVE_ARCH = YES;
				SDKROOT = iphoneos;
				SWIFT_ACTIVE_COMPILATION_CONDITIONS = "DEBUG $(inherited)";
				SWIFT_OPTIMIZATION_LEVEL = "-Onone";
			};
			name = Debug;
		};
		74C63D412F99CE8700EB52F1 /* Release */ = {
			isa = XCBuildConfiguration;
			buildSettings = {
				ALWAYS_SEARCH_USER_PATHS = NO;
				ASSETCATALOG_COMPILER_GENERATE_SWIFT_ASSET_SYMBOL_EXTENSIONS = YES;
				CLANG_ANALYZER_NONNULL = YES;
				CLANG_ANALYZER_NUMBER_OBJECT_CONVERSION = YES_AGGRESSIVE;
				CLANG_CXX_LANGUAGE_STANDARD = "gnu++20";
				CLANG_ENABLE_MODULES = YES;
				CLANG_ENABLE_OBJC_ARC = YES;
				CLANG_ENABLE_OBJC_WEAK = YES;
				CLANG_WARN_BLOCK_CAPTURE_AUTORELEASING = YES;
				CLANG_WARN_BOOL_CONVERSION = YES;
				CLANG_WARN_COMMA = YES;
				CLANG_WARN_CONSTANT_CONVERSION = YES;
				CLANG_WARN_DEPRECATED_OBJC_IMPLEMENTATIONS = YES;
				CLANG_WARN_DIRECT_OBJC_ISA_USAGE = YES_ERROR;
				CLANG_WARN_DOCUMENTATION_COMMENTS = YES;
				CLANG_WARN_EMPTY_BODY = YES;
				CLANG_WARN_ENUM_CONVERSION = YES;
				CLANG_WARN_INFINITE_RECURSION = YES;
				CLANG_WARN_INT_CONVERSION = YES;
				CLANG_WARN_NON_LITERAL_NULL_CONVERSION = YES;
				CLANG_WARN_OBJC_IMPLICIT_RETAIN_SELF = YES;
				CLANG_WARN_OBJC_LITERAL_CONVERSION = YES;
				CLANG_WARN_OBJC_ROOT_CLASS = YES_ERROR;
				CLANG_WARN_QUOTED_INCLUDE_IN_FRAMEWORK_HEADER = YES;
				CLANG_WARN_RANGE_LOOP_ANALYSIS = YES;
				CLANG_WARN_STRICT_PROTOTYPES = YES;
				CLANG_WARN_SUSPICIOUS_MOVE = YES;
				CLANG_WARN_UNGUARDED_AVAILABILITY = YES_AGGRESSIVE;
				CLANG_WARN_UNREACHABLE_CODE = YES;
				CLANG_WARN__DUPLICATE_METHOD_MATCH = YES;
				COPY_PHASE_STRIP = NO;
				DEBUG_INFORMATION_FORMAT = "dwarf-with-dsym";
				DEVELOPMENT_TEAM = LB8V89KA2N;
				ENABLE_NS_ASSERTIONS = NO;
				ENABLE_STRICT_OBJC_MSGSEND = YES;
				ENABLE_USER_SCRIPT_SANDBOXING = YES;
				GCC_C_LANGUAGE_STANDARD = gnu17;
				GCC_NO_COMMON_BLOCKS = YES;
				GCC_WARN_64_TO_32_BIT_CONVERSION = YES;
				GCC_WARN_ABOUT_RETURN_TYPE = YES_ERROR;
				GCC_WARN_UNDECLARED_SELECTOR = YES;
				GCC_WARN_UNINITIALIZED_AUTOS = YES_AGGRESSIVE;
				GCC_WARN_UNUSED_FUNCTION = YES;
				GCC_WARN_UNUSED_VARIABLE = YES;
				IPHONEOS_DEPLOYMENT_TARGET = 26.4;
				LOCALIZATION_PREFERS_STRING_CATALOGS = YES;
				MTL_ENABLE_DEBUG_INFO = NO;
				MTL_FAST_MATH = YES;
				SDKROOT = iphoneos;
				SWIFT_COMPILATION_MODE = wholemodule;
				VALIDATE_PRODUCT = YES;
			};
			name = Release;
		};
/* End XCBuildConfiguration section */

/* Begin XCConfigurationList section */
		74C63D2A2F99CE8600EB52F1 /* Build configuration list for PBXProject "CH2-WeatherApp" */ = {
			isa = XCConfigurationList;
			buildConfigurations = (
				74C63D402F99CE8700EB52F1 /* Debug */,
				74C63D412F99CE8700EB52F1 /* Release */,
			);
			defaultConfigurationIsVisible = 0;
			defaultConfigurationName = Release;
		};
		74C63D3D2F99CE8700EB52F1 /* Build configuration list for PBXNativeTarget "CH2-WeatherApp" */ = {
			isa = XCConfigurationList;
			buildConfigurations = (
				74C63D3E2F99CE8700EB52F1 /* Debug */,
				74C63D3F2F99CE8700EB52F1 /* Release */,
			);
			defaultConfigurationIsVisible = 0;
			defaultConfigurationName = Release;
		};
/* End XCConfigurationList section */

/* Begin XCRemoteSwiftPackageReference section */
		FA0157742F9B69CE00E6EF80 /* XCRemoteSwiftPackageReference "lottie-ios" */ = {
			isa = XCRemoteSwiftPackageReference;
			repositoryURL = "https://github.com/airbnb/lottie-ios";
			requirement = {
				kind = upToNextMajorVersion;
				minimumVersion = 4.6.0;
			};
		};
/* End XCRemoteSwiftPackageReference section */

/* Begin XCSwiftPackageProductDependency section */
		FA0157752F9B69CE00E6EF80 /* Lottie */ = {
			isa = XCSwiftPackageProductDependency;
			package = FA0157742F9B69CE00E6EF80 /* XCRemoteSwiftPackageReference "lottie-ios" */;
			productName = Lottie;
		};
/* End XCSwiftPackageProductDependency section */
	};
	rootObject = 74C63D272F99CE8600EB52F1 /* Project object */;
}
